
Microsoft Visual Studio Solution File, Format Version 12.00
# Visual Studio 15
VisualStudioVersion = 15.0.28307.421
MinimumVisualStudioVersion = 10.0.40219.1
Project("{2150E333-8FDC-42A3-9474-1A3956D46DE8}") = "01 - UI", "01 - UI", "{659CDFD6-C69C-4DD9-99F0-5BA8F6C4BD63}"
EndProject
Project("{2150E333-8FDC-42A3-9474-1A3956D46DE8}") = "02 - Domain", "02 - Domain", "{CF427F85-9F19-42A4-AB6E-23FC265C1777}"
EndProject
Project("{2150E333-8FDC-42A3-9474-1A3956D46DE8}") = "03 - InfraStructure", "03 - InfraStructure", "{FFE0175F-4474-4393-A77C-AFB41623DC5F}"
EndProject
Project("{FAE04EC0-301F-11D3-BF4B-00C04F79EFBC}") = "Agenda.WebSite", "src\Agenda.WebSite\Agenda.WebSite.csproj", "{BE4B0ADC-6FBC-4464-AFC3-0A922277766D}"
EndProject
Project("{FAE04EC0-301F-11D3-BF4B-00C04F79EFBC}") = "Agenda.ApplicationCore", "src\Agenda.ApplicationCore\Agenda.ApplicationCore.csproj", "{FBB0355C-3DE8-43BE-85DD-DB651EC0422D}"
EndProject
Project("{FAE04EC0-301F-11D3-BF4B-00C04F79EFBC}") = "Agenda.InfraStructure", "src\Agenda.InfraStructure\Agenda.InfraStructure.csproj", "{F5BFD332-CFE0-4921-B7A5-9A7DC56510B1}"
EndProject
Global
	GlobalSection(SolutionConfigurationPlatforms) = preSolution
		Debug|Any CPU = Debug|Any CPU
		Release|Any CPU = Release|Any CPU
	EndGlobalSection
	GlobalSection(ProjectConfigurationPlatforms) = postSolution
		{BE4B0ADC-6FBC-4464-AFC3-0A922277766D}.Debug|Any CPU.ActiveCfg = Debug|Any CPU
		{BE4B0ADC-6FBC-4464-AFC3-0A922277766D}.Debug|Any CPU.Build.0 = Debug|Any CPU
		{BE4B0ADC-6FBC-4464-AFC3-0A922277766D}.Release|Any CPU.ActiveCfg = Release|Any CPU
		{BE4B0ADC-6FBC-4464-AFC3-0A922277766D}.Release|Any CPU.Build.0 = Release|Any CPU
		{FBB0355C-3DE8-43BE-85DD-DB651EC0422D}.Debug|Any CPU.ActiveCfg = Debug|Any CPU
		{FBB0355C-3DE8-43BE-85DD-DB651EC0422D}.Debug|Any CPU.Build.0 = Debug|Any CPU
		{FBB0355C-3DE8-43BE-85DD-DB651EC0422D}.Release|Any CPU.ActiveCfg = Release|Any CPU
		{FBB0355C-3DE8-43BE-85DD-DB651EC0422D}.Release|Any CPU.Build.0 = Release|Any CPU
		{F5BFD332-CFE0-4921-B7A5-9A7DC56510B1}.Debug|Any CPU.ActiveCfg = Debug|Any CPU
		{F5BFD332-CFE0-4921-B7A5-9A7DC56510B1}.Debug|Any CPU.Build.0 = Debug|Any CPU
		{F5BFD332-CFE0-4921-B7A5-9A7DC56510B1}.Release|Any CPU.ActiveCfg = Release|Any CPU
		{F5BFD332-CFE0-4921-B7A5-9A7DC56510B1}.Release|Any CPU.Build.0 = Release|Any CPU
	EndGlobalSection
	GlobalSection(SolutionProperties) = preSolution
		HideSolutionNode = FALSE
	EndGlobalSection
	GlobalSection(NestedProjects) = preSolution
		{BE4B0ADC-6FBC-4464-AFC3-0A922277766D} = {659CDFD6-C69C-4DD9-99F0-5BA8F6C4BD63}
		{FBB0355C-3DE8-43BE-85DD-DB651EC0422D} = {CF427F85-9F19-42A4-AB6E-23FC265C1777}
		{F5BFD332-CFE0-4921-B7A5-9A7DC56510B1} = {FFE0175F-4474-4393-A77C-AFB41623DC5F}
	EndGlobalSection
	GlobalSection(ExtensibilityGlobals) = postSolution
		SolutionGuid = {BA5D7BA3-8119-40FD-8A8D-8058C4EA64B5}
	EndGlobalSection
EndGlobal
